// !$*UTF8*$!
{
	archiveVersion = 1;
	classes = {
	};
	objectVersion = 46;
	objects = {

/* Begin PBXBuildFile section */
		61347EE9A7420D17E37F2AB1 /* Pods_PendlerGo.framework in Frameworks */ = {isa = PBXBuildFile; fileRef = 17A6ED3B4758E725B493E8F7 /* Pods_PendlerGo.framework */; };
		D40117CC1C92AFED009E5CEB /* Detail.json in Resources */ = {isa = PBXBuildFile; fileRef = D40117CB1C92AFED009E5CEB /* Detail.json */; };
		D40117CE1C92B10E009E5CEB /* Message.swift in Sources */ = {isa = PBXBuildFile; fileRef = D40117CD1C92B10E009E5CEB /* Message.swift */; };
		D40117D01C92B185009E5CEB /* JourneyDetail.swift in Sources */ = {isa = PBXBuildFile; fileRef = D40117CF1C92B185009E5CEB /* JourneyDetail.swift */; };
		D42E31D61C77BB7F003C98A2 /* UIImage+Utilities.swift in Sources */ = {isa = PBXBuildFile; fileRef = D42E31D51C77BB7F003C98A2 /* UIImage+Utilities.swift */; };
		D42E31D81C77BCAB003C98A2 /* CoreGraphics.framework in Frameworks */ = {isa = PBXBuildFile; fileRef = D42E31D71C77BCAB003C98A2 /* CoreGraphics.framework */; };
		D43756301C78FBD20005730D /* GoogleService-Info.plist in Resources */ = {isa = PBXBuildFile; fileRef = D437562F1C78FBD20005730D /* GoogleService-Info.plist */; };
		D4453E951CA565F10053AA79 /* CoreLocation.framework in Frameworks */ = {isa = PBXBuildFile; fileRef = D4453E941CA565F10053AA79 /* CoreLocation.framework */; };
		D45140311C77B62D00627184 /* FinitePagedContainmentViewController.swift in Sources */ = {isa = PBXBuildFile; fileRef = D451402E1C77B62D00627184 /* FinitePagedContainmentViewController.swift */; };
		D45140321C77B62D00627184 /* IconTabViewButton.swift in Sources */ = {isa = PBXBuildFile; fileRef = D451402F1C77B62D00627184 /* IconTabViewButton.swift */; };
		D45140331C77B62D00627184 /* TabView.swift in Sources */ = {isa = PBXBuildFile; fileRef = D45140301C77B62D00627184 /* TabView.swift */; };
		D463D2141CA7257100C23CBD /* String+Utilities.swift in Sources */ = {isa = PBXBuildFile; fileRef = D463D2131CA7257100C23CBD /* String+Utilities.swift */; };
		D48546601C761BED0011E149 /* AppDelegate.swift in Sources */ = {isa = PBXBuildFile; fileRef = D485465F1C761BED0011E149 /* AppDelegate.swift */; };
		D48546671C761BED0011E149 /* Assets.xcassets in Resources */ = {isa = PBXBuildFile; fileRef = D48546661C761BED0011E149 /* Assets.xcassets */; };
		D48546751C761BED0011E149 /* PendlerGoTests.swift in Sources */ = {isa = PBXBuildFile; fileRef = D48546741C761BED0011E149 /* PendlerGoTests.swift */; };
		D48546801C761BED0011E149 /* PendlerGoUITests.swift in Sources */ = {isa = PBXBuildFile; fileRef = D485467F1C761BED0011E149 /* PendlerGoUITests.swift */; };
		D4A92F891C76642C00834380 /* KBH.json in Resources */ = {isa = PBXBuildFile; fileRef = D4A92F881C76642C00834380 /* KBH.json */; };
		D4B7F65E1C76F0B400B6762D /* SettingsViewController.swift in Sources */ = {isa = PBXBuildFile; fileRef = D4B7F65D1C76F0B400B6762D /* SettingsViewController.swift */; };
		D4B7F6601C76F0CD00B6762D /* SettingsView.swift in Sources */ = {isa = PBXBuildFile; fileRef = D4B7F65F1C76F0CD00B6762D /* SettingsView.swift */; };
		D4B7F6621C76F62F00B6762D /* SettingsViewModel.swift in Sources */ = {isa = PBXBuildFile; fileRef = D4B7F6611C76F62F00B6762D /* SettingsViewModel.swift */; };
		D4B7F6641C76F71300B6762D /* Location.swift in Sources */ = {isa = PBXBuildFile; fileRef = D4B7F6631C76F71300B6762D /* Location.swift */; };
		D4B7F6661C76F7BA00B6762D /* LocationResults.swift in Sources */ = {isa = PBXBuildFile; fileRef = D4B7F6651C76F7BA00B6762D /* LocationResults.swift */; };
		D4B7F6681C76FDA800B6762D /* LocationCell.swift in Sources */ = {isa = PBXBuildFile; fileRef = D4B7F6671C76FDA800B6762D /* LocationCell.swift */; };
		D4CF6C9F1C96A24000E7334E /* UIFont+Size.swift in Sources */ = {isa = PBXBuildFile; fileRef = D4CF6C9E1C96A24000E7334E /* UIFont+Size.swift */; };
		D4E4B3591C7774EE00D4DC66 /* Settings.swift in Sources */ = {isa = PBXBuildFile; fileRef = D4E4B3581C7774EE00D4DC66 /* Settings.swift */; };
		D4E72F581C7896AE00C3369D /* BoardDepartureCell.swift in Sources */ = {isa = PBXBuildFile; fileRef = D4E72F501C7896AE00C3369D /* BoardDepartureCell.swift */; };
		D4E72F591C7896AE00C3369D /* BoardView.swift in Sources */ = {isa = PBXBuildFile; fileRef = D4E72F511C7896AE00C3369D /* BoardView.swift */; };
		D4E72F5A1C7896AE00C3369D /* BoardViewController.swift in Sources */ = {isa = PBXBuildFile; fileRef = D4E72F521C7896AE00C3369D /* BoardViewController.swift */; };
		D4E72F5B1C7896AE00C3369D /* BoardViewModel.swift in Sources */ = {isa = PBXBuildFile; fileRef = D4E72F531C7896AE00C3369D /* BoardViewModel.swift */; };
		D4E72F5C1C7896AE00C3369D /* BoardContainmentTabView.swift in Sources */ = {isa = PBXBuildFile; fileRef = D4E72F551C7896AE00C3369D /* BoardContainmentTabView.swift */; };
		D4E72F5D1C7896AE00C3369D /* BoardContainmentView.swift in Sources */ = {isa = PBXBuildFile; fileRef = D4E72F561C7896AE00C3369D /* BoardContainmentView.swift */; };
		D4E72F5E1C7896AE00C3369D /* BoardContainmentViewController.swift in Sources */ = {isa = PBXBuildFile; fileRef = D4E72F571C7896AE00C3369D /* BoardContainmentViewController.swift */; };
		D4E72F621C789E6600C3369D /* LargeHitAreaButton.swift in Sources */ = {isa = PBXBuildFile; fileRef = D4E72F611C789E6600C3369D /* LargeHitAreaButton.swift */; };
		D4E75FAF1C7641DA005AC9DA /* SnapKit+Superview.swift in Sources */ = {isa = PBXBuildFile; fileRef = D4E75FAE1C7641DA005AC9DA /* SnapKit+Superview.swift */; };
		D4E75FB11C764C42005AC9DA /* NSDateFormatter+PendlerGo.swift in Sources */ = {isa = PBXBuildFile; fileRef = D4E75FB01C764C42005AC9DA /* NSDateFormatter+PendlerGo.swift */; };
		D4E75FB31C764D16005AC9DA /* JSON+Date.swift in Sources */ = {isa = PBXBuildFile; fileRef = D4E75FB21C764D16005AC9DA /* JSON+Date.swift */; };
		D4E75FB51C764E6A005AC9DA /* UIView+PendlerGo.swift in Sources */ = {isa = PBXBuildFile; fileRef = D4E75FB41C764E6A005AC9DA /* UIView+PendlerGo.swift */; };
		D4E75FB71C765212005AC9DA /* Theme.swift in Sources */ = {isa = PBXBuildFile; fileRef = D4E75FB61C765212005AC9DA /* Theme.swift */; };
		D4EFDC4F1C761E5900370479 /* PendlerGoAPI.swift in Sources */ = {isa = PBXBuildFile; fileRef = D4EFDC4E1C761E5900370479 /* PendlerGoAPI.swift */; };
		D4EFDC521C761F3300370479 /* DepartureBoard.swift in Sources */ = {isa = PBXBuildFile; fileRef = D4EFDC511C761F3300370479 /* DepartureBoard.swift */; };
		D4EFDC541C761F3B00370479 /* Departure.swift in Sources */ = {isa = PBXBuildFile; fileRef = D4EFDC531C761F3B00370479 /* Departure.swift */; };
		D4EFDC561C761FC200370479 /* ModelExtensions.swift in Sources */ = {isa = PBXBuildFile; fileRef = D4EFDC551C761FC200370479 /* ModelExtensions.swift */; };
		D4EFDC621C763E2700370479 /* Setup.swift in Sources */ = {isa = PBXBuildFile; fileRef = D4EFDC611C763E2700370479 /* Setup.swift */; };
		D4EFDC641C763EB000370479 /* ReuseableView.swift in Sources */ = {isa = PBXBuildFile; fileRef = D4EFDC631C763EB000370479 /* ReuseableView.swift */; };
		D4EFDC671C763EF900370479 /* UITableView+ReusableView.swift in Sources */ = {isa = PBXBuildFile; fileRef = D4EFDC661C763EF900370479 /* UITableView+ReusableView.swift */; };
/* End PBXBuildFile section */

/* Begin PBXContainerItemProxy section */
		D48546711C761BED0011E149 /* PBXContainerItemProxy */ = {
			isa = PBXContainerItemProxy;
			containerPortal = D48546541C761BED0011E149 /* Project object */;
			proxyType = 1;
			remoteGlobalIDString = D485465B1C761BED0011E149;
			remoteInfo = PendlerGo;
		};
		D485467C1C761BED0011E149 /* PBXContainerItemProxy */ = {
			isa = PBXContainerItemProxy;
			containerPortal = D48546541C761BED0011E149 /* Project object */;
			proxyType = 1;
			remoteGlobalIDString = D485465B1C761BED0011E149;
			remoteInfo = PendlerGo;
		};
/* End PBXContainerItemProxy section */

/* Begin PBXFileReference section */
		17A6ED3B4758E725B493E8F7 /* Pods_PendlerGo.framework */ = {isa = PBXFileReference; explicitFileType = wrapper.framework; includeInIndex = 0; path = Pods_PendlerGo.framework; sourceTree = BUILT_PRODUCTS_DIR; };
		4562FC6DD0F50D5FADBB240F /* Pods-PendlerGo.debug.xcconfig */ = {isa = PBXFileReference; includeInIndex = 1; lastKnownFileType = text.xcconfig; name = "Pods-PendlerGo.debug.xcconfig"; path = "Pods/Target Support Files/Pods-PendlerGo/Pods-PendlerGo.debug.xcconfig"; sourceTree = "<group>"; };
		7F48C99DB38411C94910FBF9 /* Pods-PendlerGo.release.xcconfig */ = {isa = PBXFileReference; includeInIndex = 1; lastKnownFileType = text.xcconfig; name = "Pods-PendlerGo.release.xcconfig"; path = "Pods/Target Support Files/Pods-PendlerGo/Pods-PendlerGo.release.xcconfig"; sourceTree = "<group>"; };
		9E622AB873B4A24576375853 /* Pods.framework */ = {isa = PBXFileReference; explicitFileType = wrapper.framework; includeInIndex = 0; path = Pods.framework; sourceTree = BUILT_PRODUCTS_DIR; };
		D40117CB1C92AFED009E5CEB /* Detail.json */ = {isa = PBXFileReference; fileEncoding = 4; lastKnownFileType = text.json; path = Detail.json; sourceTree = "<group>"; };
		D40117CD1C92B10E009E5CEB /* Message.swift */ = {isa = PBXFileReference; fileEncoding = 4; lastKnownFileType = sourcecode.swift; path = Message.swift; sourceTree = "<group>"; };
		D40117CF1C92B185009E5CEB /* JourneyDetail.swift */ = {isa = PBXFileReference; fileEncoding = 4; lastKnownFileType = sourcecode.swift; path = JourneyDetail.swift; sourceTree = "<group>"; };
		D41BD1361D8C73C000F38288 /* PendlerGo-Bridging-Header.h */ = {isa = PBXFileReference; lastKnownFileType = sourcecode.c.h; path = "PendlerGo-Bridging-Header.h"; sourceTree = "<group>"; };
		D42E31D51C77BB7F003C98A2 /* UIImage+Utilities.swift */ = {isa = PBXFileReference; fileEncoding = 4; lastKnownFileType = sourcecode.swift; path = "UIImage+Utilities.swift"; sourceTree = "<group>"; };
		D42E31D71C77BCAB003C98A2 /* CoreGraphics.framework */ = {isa = PBXFileReference; lastKnownFileType = wrapper.framework; name = CoreGraphics.framework; path = System/Library/Frameworks/CoreGraphics.framework; sourceTree = SDKROOT; };
		D437562F1C78FBD20005730D /* GoogleService-Info.plist */ = {isa = PBXFileReference; fileEncoding = 4; lastKnownFileType = text.plist.xml; path = "GoogleService-Info.plist"; sourceTree = "<group>"; };
		D4453E941CA565F10053AA79 /* CoreLocation.framework */ = {isa = PBXFileReference; lastKnownFileType = wrapper.framework; name = CoreLocation.framework; path = System/Library/Frameworks/CoreLocation.framework; sourceTree = SDKROOT; };
		D451402E1C77B62D00627184 /* FinitePagedContainmentViewController.swift */ = {isa = PBXFileReference; fileEncoding = 4; lastKnownFileType = sourcecode.swift; path = FinitePagedContainmentViewController.swift; sourceTree = "<group>"; };
		D451402F1C77B62D00627184 /* IconTabViewButton.swift */ = {isa = PBXFileReference; fileEncoding = 4; lastKnownFileType = sourcecode.swift; path = IconTabViewButton.swift; sourceTree = "<group>"; };
		D45140301C77B62D00627184 /* TabView.swift */ = {isa = PBXFileReference; fileEncoding = 4; lastKnownFileType = sourcecode.swift; path = TabView.swift; sourceTree = "<group>"; };
		D463D2131CA7257100C23CBD /* String+Utilities.swift */ = {isa = PBXFileReference; fileEncoding = 4; lastKnownFileType = sourcecode.swift; path = "String+Utilities.swift"; sourceTree = "<group>"; };
		D485465C1C761BED0011E149 /* PendlerGo.app */ = {isa = PBXFileReference; explicitFileType = wrapper.application; includeInIndex = 0; path = PendlerGo.app; sourceTree = BUILT_PRODUCTS_DIR; };
		D485465F1C761BED0011E149 /* AppDelegate.swift */ = {isa = PBXFileReference; lastKnownFileType = sourcecode.swift; path = AppDelegate.swift; sourceTree = "<group>"; };
		D48546661C761BED0011E149 /* Assets.xcassets */ = {isa = PBXFileReference; lastKnownFileType = folder.assetcatalog; path = Assets.xcassets; sourceTree = "<group>"; };
		D485466B1C761BED0011E149 /* Info.plist */ = {isa = PBXFileReference; lastKnownFileType = text.plist.xml; path = Info.plist; sourceTree = "<group>"; };
		D48546701C761BED0011E149 /* PendlerGoTests.xctest */ = {isa = PBXFileReference; explicitFileType = wrapper.cfbundle; includeInIndex = 0; path = PendlerGoTests.xctest; sourceTree = BUILT_PRODUCTS_DIR; };
		D48546741C761BED0011E149 /* PendlerGoTests.swift */ = {isa = PBXFileReference; lastKnownFileType = sourcecode.swift; path = PendlerGoTests.swift; sourceTree = "<group>"; };
		D48546761C761BED0011E149 /* Info.plist */ = {isa = PBXFileReference; lastKnownFileType = text.plist.xml; path = Info.plist; sourceTree = "<group>"; };
		D485467B1C761BED0011E149 /* PendlerGoUITests.xctest */ = {isa = PBXFileReference; explicitFileType = wrapper.cfbundle; includeInIndex = 0; path = PendlerGoUITests.xctest; sourceTree = BUILT_PRODUCTS_DIR; };
		D485467F1C761BED0011E149 /* PendlerGoUITests.swift */ = {isa = PBXFileReference; lastKnownFileType = sourcecode.swift; path = PendlerGoUITests.swift; sourceTree = "<group>"; };
		D48546811C761BED0011E149 /* Info.plist */ = {isa = PBXFileReference; lastKnownFileType = text.plist.xml; path = Info.plist; sourceTree = "<group>"; };
		D4A92F881C76642C00834380 /* KBH.json */ = {isa = PBXFileReference; fileEncoding = 4; lastKnownFileType = text.json; path = KBH.json; sourceTree = "<group>"; };
		D4B7F65D1C76F0B400B6762D /* SettingsViewController.swift */ = {isa = PBXFileReference; fileEncoding = 4; lastKnownFileType = sourcecode.swift; path = SettingsViewController.swift; sourceTree = "<group>"; };
		D4B7F65F1C76F0CD00B6762D /* SettingsView.swift */ = {isa = PBXFileReference; fileEncoding = 4; lastKnownFileType = sourcecode.swift; path = SettingsView.swift; sourceTree = "<group>"; };
		D4B7F6611C76F62F00B6762D /* SettingsViewModel.swift */ = {isa = PBXFileReference; fileEncoding = 4; lastKnownFileType = sourcecode.swift; path = SettingsViewModel.swift; sourceTree = "<group>"; };
		D4B7F6631C76F71300B6762D /* Location.swift */ = {isa = PBXFileReference; fileEncoding = 4; lastKnownFileType = sourcecode.swift; path = Location.swift; sourceTree = "<group>"; };
		D4B7F6651C76F7BA00B6762D /* LocationResults.swift */ = {isa = PBXFileReference; fileEncoding = 4; lastKnownFileType = sourcecode.swift; path = LocationResults.swift; sourceTree = "<group>"; };
		D4B7F6671C76FDA800B6762D /* LocationCell.swift */ = {isa = PBXFileReference; fileEncoding = 4; lastKnownFileType = sourcecode.swift; path = LocationCell.swift; sourceTree = "<group>"; };
		D4CF6C9E1C96A24000E7334E /* UIFont+Size.swift */ = {isa = PBXFileReference; fileEncoding = 4; lastKnownFileType = sourcecode.swift; path = "UIFont+Size.swift"; sourceTree = "<group>"; };
		D4E4B3581C7774EE00D4DC66 /* Settings.swift */ = {isa = PBXFileReference; fileEncoding = 4; lastKnownFileType = sourcecode.swift; path = Settings.swift; sourceTree = "<group>"; };
		D4E72F501C7896AE00C3369D /* BoardDepartureCell.swift */ = {isa = PBXFileReference; fileEncoding = 4; lastKnownFileType = sourcecode.swift; path = BoardDepartureCell.swift; sourceTree = "<group>"; };
		D4E72F511C7896AE00C3369D /* BoardView.swift */ = {isa = PBXFileReference; fileEncoding = 4; lastKnownFileType = sourcecode.swift; path = BoardView.swift; sourceTree = "<group>"; };
		D4E72F521C7896AE00C3369D /* BoardViewController.swift */ = {isa = PBXFileReference; fileEncoding = 4; lastKnownFileType = sourcecode.swift; path = BoardViewController.swift; sourceTree = "<group>"; };
		D4E72F531C7896AE00C3369D /* BoardViewModel.swift */ = {isa = PBXFileReference; fileEncoding = 4; lastKnownFileType = sourcecode.swift; path = BoardViewModel.swift; sourceTree = "<group>"; };
		D4E72F551C7896AE00C3369D /* BoardContainmentTabView.swift */ = {isa = PBXFileReference; fileEncoding = 4; lastKnownFileType = sourcecode.swift; path = BoardContainmentTabView.swift; sourceTree = "<group>"; };
		D4E72F561C7896AE00C3369D /* BoardContainmentView.swift */ = {isa = PBXFileReference; fileEncoding = 4; lastKnownFileType = sourcecode.swift; path = BoardContainmentView.swift; sourceTree = "<group>"; };
		D4E72F571C7896AE00C3369D /* BoardContainmentViewController.swift */ = {isa = PBXFileReference; fileEncoding = 4; lastKnownFileType = sourcecode.swift; path = BoardContainmentViewController.swift; sourceTree = "<group>"; };
		D4E72F611C789E6600C3369D /* LargeHitAreaButton.swift */ = {isa = PBXFileReference; fileEncoding = 4; lastKnownFileType = sourcecode.swift; path = LargeHitAreaButton.swift; sourceTree = "<group>"; };
		D4E75FAE1C7641DA005AC9DA /* SnapKit+Superview.swift */ = {isa = PBXFileReference; fileEncoding = 4; lastKnownFileType = sourcecode.swift; path = "SnapKit+Superview.swift"; sourceTree = "<group>"; };
		D4E75FB01C764C42005AC9DA /* NSDateFormatter+PendlerGo.swift */ = {isa = PBXFileReference; fileEncoding = 4; lastKnownFileType = sourcecode.swift; path = "NSDateFormatter+PendlerGo.swift"; sourceTree = "<group>"; };
		D4E75FB21C764D16005AC9DA /* JSON+Date.swift */ = {isa = PBXFileReference; fileEncoding = 4; lastKnownFileType = sourcecode.swift; path = "JSON+Date.swift"; sourceTree = "<group>"; };
		D4E75FB41C764E6A005AC9DA /* UIView+PendlerGo.swift */ = {isa = PBXFileReference; fileEncoding = 4; lastKnownFileType = sourcecode.swift; path = "UIView+PendlerGo.swift"; sourceTree = "<group>"; };
		D4E75FB61C765212005AC9DA /* Theme.swift */ = {isa = PBXFileReference; fileEncoding = 4; lastKnownFileType = sourcecode.swift; path = Theme.swift; sourceTree = "<group>"; };
		D4EFDC4E1C761E5900370479 /* PendlerGoAPI.swift */ = {isa = PBXFileReference; fileEncoding = 4; lastKnownFileType = sourcecode.swift; path = PendlerGoAPI.swift; sourceTree = "<group>"; };
		D4EFDC511C761F3300370479 /* DepartureBoard.swift */ = {isa = PBXFileReference; fileEncoding = 4; lastKnownFileType = sourcecode.swift; path = DepartureBoard.swift; sourceTree = "<group>"; };
		D4EFDC531C761F3B00370479 /* Departure.swift */ = {isa = PBXFileReference; fileEncoding = 4; lastKnownFileType = sourcecode.swift; path = Departure.swift; sourceTree = "<group>"; };
		D4EFDC551C761FC200370479 /* ModelExtensions.swift */ = {isa = PBXFileReference; fileEncoding = 4; lastKnownFileType = sourcecode.swift; path = ModelExtensions.swift; sourceTree = "<group>"; };
		D4EFDC611C763E2700370479 /* Setup.swift */ = {isa = PBXFileReference; fileEncoding = 4; lastKnownFileType = sourcecode.swift; path = Setup.swift; sourceTree = "<group>"; };
		D4EFDC631C763EB000370479 /* ReuseableView.swift */ = {isa = PBXFileReference; fileEncoding = 4; lastKnownFileType = sourcecode.swift; path = ReuseableView.swift; sourceTree = "<group>"; };
		D4EFDC661C763EF900370479 /* UITableView+ReusableView.swift */ = {isa = PBXFileReference; fileEncoding = 4; lastKnownFileType = sourcecode.swift; path = "UITableView+ReusableView.swift"; sourceTree = "<group>"; };
/* End PBXFileReference section */

/* Begin PBXFrameworksBuildPhase section */
		D48546591C761BED0011E149 /* Frameworks */ = {
			isa = PBXFrameworksBuildPhase;
			buildActionMask = 2147483647;
			files = (
				D4453E951CA565F10053AA79 /* CoreLocation.framework in Frameworks */,
				D42E31D81C77BCAB003C98A2 /* CoreGraphics.framework in Frameworks */,
				61347EE9A7420D17E37F2AB1 /* Pods_PendlerGo.framework in Frameworks */,
			);
			runOnlyForDeploymentPostprocessing = 0;
		};
		D485466D1C761BED0011E149 /* Frameworks */ = {
			isa = PBXFrameworksBuildPhase;
			buildActionMask = 2147483647;
			files = (
			);
			runOnlyForDeploymentPostprocessing = 0;
		};
		D48546781C761BED0011E149 /* Frameworks */ = {
			isa = PBXFrameworksBuildPhase;
			buildActionMask = 2147483647;
			files = (
			);
			runOnlyForDeploymentPostprocessing = 0;
		};
/* End PBXFrameworksBuildPhase section */

/* Begin PBXGroup section */
		5C7E74AD1C7DC92D64A48318 /* Frameworks */ = {
			isa = PBXGroup;
			children = (
				D4453E941CA565F10053AA79 /* CoreLocation.framework */,
				D42E31D71C77BCAB003C98A2 /* CoreGraphics.framework */,
				9E622AB873B4A24576375853 /* Pods.framework */,
				17A6ED3B4758E725B493E8F7 /* Pods_PendlerGo.framework */,
			);
			name = Frameworks;
			sourceTree = "<group>";
		};
		82EB7F250C18B227B610BE3D /* Pods */ = {
			isa = PBXGroup;
			children = (
				4562FC6DD0F50D5FADBB240F /* Pods-PendlerGo.debug.xcconfig */,
				7F48C99DB38411C94910FBF9 /* Pods-PendlerGo.release.xcconfig */,
			);
			name = Pods;
			sourceTree = "<group>";
		};
		D451402D1C77B62D00627184 /* PagedContainment */ = {
			isa = PBXGroup;
			children = (
				D451402E1C77B62D00627184 /* FinitePagedContainmentViewController.swift */,
				D451402F1C77B62D00627184 /* IconTabViewButton.swift */,
				D45140301C77B62D00627184 /* TabView.swift */,
			);
			path = PagedContainment;
			sourceTree = "<group>";
		};
		D48546531C761BED0011E149 = {
			isa = PBXGroup;
			children = (
				D485465E1C761BED0011E149 /* PendlerGo */,
				D48546731C761BED0011E149 /* PendlerGoTests */,
				D485467E1C761BED0011E149 /* PendlerGoUITests */,
				D485465D1C761BED0011E149 /* Products */,
				5C7E74AD1C7DC92D64A48318 /* Frameworks */,
				82EB7F250C18B227B610BE3D /* Pods */,
			);
			sourceTree = "<group>";
		};
		D485465D1C761BED0011E149 /* Products */ = {
			isa = PBXGroup;
			children = (
				D485465C1C761BED0011E149 /* PendlerGo.app */,
				D48546701C761BED0011E149 /* PendlerGoTests.xctest */,
				D485467B1C761BED0011E149 /* PendlerGoUITests.xctest */,
			);
			name = Products;
			sourceTree = "<group>";
		};
		D485465E1C761BED0011E149 /* PendlerGo */ = {
			isa = PBXGroup;
			children = (
				D485465F1C761BED0011E149 /* AppDelegate.swift */,
				D4EFDC4A1C761CB800370479 /* Controllers */,
				D4EFDC651C763EEC00370479 /* Extensions */,
				D4EFDC601C763E1500370479 /* Utilities */,
				D4EFDC501C761F2000370479 /* Models */,
				D4EFDC4D1C761D0500370479 /* Networking */,
				D48546661C761BED0011E149 /* Assets.xcassets */,
				D437562F1C78FBD20005730D /* GoogleService-Info.plist */,
				D485466B1C761BED0011E149 /* Info.plist */,
				D4A92F881C76642C00834380 /* KBH.json */,
				D40117CB1C92AFED009E5CEB /* Detail.json */,
				D41BD1361D8C73C000F38288 /* PendlerGo-Bridging-Header.h */,
			);
			path = PendlerGo;
			sourceTree = "<group>";
		};
		D48546731C761BED0011E149 /* PendlerGoTests */ = {
			isa = PBXGroup;
			children = (
				D48546741C761BED0011E149 /* PendlerGoTests.swift */,
				D48546761C761BED0011E149 /* Info.plist */,
			);
			path = PendlerGoTests;
			sourceTree = "<group>";
		};
		D485467E1C761BED0011E149 /* PendlerGoUITests */ = {
			isa = PBXGroup;
			children = (
				D485467F1C761BED0011E149 /* PendlerGoUITests.swift */,
				D48546811C761BED0011E149 /* Info.plist */,
			);
			path = PendlerGoUITests;
			sourceTree = "<group>";
		};
		D4B7F65C1C76F0A700B6762D /* Settings */ = {
			isa = PBXGroup;
			children = (
				D4B7F65D1C76F0B400B6762D /* SettingsViewController.swift */,
				D4B7F6611C76F62F00B6762D /* SettingsViewModel.swift */,
				D4B7F65F1C76F0CD00B6762D /* SettingsView.swift */,
				D4B7F6671C76FDA800B6762D /* LocationCell.swift */,
			);
			path = Settings;
			sourceTree = "<group>";
		};
		D4E72F4E1C7896AE00C3369D /* Boards */ = {
			isa = PBXGroup;
			children = (
				D4E72F541C7896AE00C3369D /* Containment */,
				D4E72F4F1C7896AE00C3369D /* Board */,
			);
			path = Boards;
			sourceTree = "<group>";
		};
		D4E72F4F1C7896AE00C3369D /* Board */ = {
			isa = PBXGroup;
			children = (
				D4E72F521C7896AE00C3369D /* BoardViewController.swift */,
				D4E72F531C7896AE00C3369D /* BoardViewModel.swift */,
				D4E72F511C7896AE00C3369D /* BoardView.swift */,
				D4E72F501C7896AE00C3369D /* BoardDepartureCell.swift */,
			);
			path = Board;
			sourceTree = "<group>";
		};
		D4E72F541C7896AE00C3369D /* Containment */ = {
			isa = PBXGroup;
			children = (
				D4E72F571C7896AE00C3369D /* BoardContainmentViewController.swift */,
				D4E72F561C7896AE00C3369D /* BoardContainmentView.swift */,
				D4E72F551C7896AE00C3369D /* BoardContainmentTabView.swift */,
			);
			path = Containment;
			sourceTree = "<group>";
		};
		D4EFDC4A1C761CB800370479 /* Controllers */ = {
			isa = PBXGroup;
			children = (
				D4E72F4E1C7896AE00C3369D /* Boards */,
				D451402D1C77B62D00627184 /* PagedContainment */,
				D4B7F65C1C76F0A700B6762D /* Settings */,
			);
			path = Controllers;
			sourceTree = "<group>";
		};
		D4EFDC4D1C761D0500370479 /* Networking */ = {
			isa = PBXGroup;
			children = (
				D4EFDC4E1C761E5900370479 /* PendlerGoAPI.swift */,
			);
			path = Networking;
			sourceTree = "<group>";
		};
		D4EFDC501C761F2000370479 /* Models */ = {
			isa = PBXGroup;
			children = (
				D4EFDC511C761F3300370479 /* DepartureBoard.swift */,
				D4EFDC531C761F3B00370479 /* Departure.swift */,
				D40117CF1C92B185009E5CEB /* JourneyDetail.swift */,
				D40117CD1C92B10E009E5CEB /* Message.swift */,
				D4EFDC551C761FC200370479 /* ModelExtensions.swift */,
				D4B7F6631C76F71300B6762D /* Location.swift */,
				D4B7F6651C76F7BA00B6762D /* LocationResults.swift */,
				D4E4B3581C7774EE00D4DC66 /* Settings.swift */,
			);
			path = Models;
			sourceTree = "<group>";
		};
		D4EFDC601C763E1500370479 /* Utilities */ = {
			isa = PBXGroup;
			children = (
				D4EFDC611C763E2700370479 /* Setup.swift */,
				D4EFDC631C763EB000370479 /* ReuseableView.swift */,
				D4E75FB61C765212005AC9DA /* Theme.swift */,
				D4E72F611C789E6600C3369D /* LargeHitAreaButton.swift */,
			);
			path = Utilities;
			sourceTree = "<group>";
		};
		D4EFDC651C763EEC00370479 /* Extensions */ = {
			isa = PBXGroup;
			children = (
				D4EFDC661C763EF900370479 /* UITableView+ReusableView.swift */,
				D4E75FAE1C7641DA005AC9DA /* SnapKit+Superview.swift */,
				D4E75FB01C764C42005AC9DA /* NSDateFormatter+PendlerGo.swift */,
				D4E75FB21C764D16005AC9DA /* JSON+Date.swift */,
				D4E75FB41C764E6A005AC9DA /* UIView+PendlerGo.swift */,
				D42E31D51C77BB7F003C98A2 /* UIImage+Utilities.swift */,
				D4CF6C9E1C96A24000E7334E /* UIFont+Size.swift */,
				D463D2131CA7257100C23CBD /* String+Utilities.swift */,
			);
			path = Extensions;
			sourceTree = "<group>";
		};
/* End PBXGroup section */

/* Begin PBXNativeTarget section */
		D485465B1C761BED0011E149 /* PendlerGo */ = {
			isa = PBXNativeTarget;
			buildConfigurationList = D48546841C761BED0011E149 /* Build configuration list for PBXNativeTarget "PendlerGo" */;
			buildPhases = (
				567EBC56C543ADC0A097A88F /* 📦 Check Pods Manifest.lock */,
				D48546581C761BED0011E149 /* Sources */,
				D48546591C761BED0011E149 /* Frameworks */,
				D485465A1C761BED0011E149 /* Resources */,
				D4DEF5091C7B4633007738DC /* Crashlytics */,
				EE44E786FFE393810E25DFE1 /* 📦 Embed Pods Frameworks */,
				AAC40D125648FE78B4DDFFD7 /* 📦 Copy Pods Resources */,
			);
			buildRules = (
			);
			dependencies = (
			);
			name = PendlerGo;
			productName = PendlerGo;
			productReference = D485465C1C761BED0011E149 /* PendlerGo.app */;
			productType = "com.apple.product-type.application";
		};
		D485466F1C761BED0011E149 /* PendlerGoTests */ = {
			isa = PBXNativeTarget;
			buildConfigurationList = D48546871C761BED0011E149 /* Build configuration list for PBXNativeTarget "PendlerGoTests" */;
			buildPhases = (
				D485466C1C761BED0011E149 /* Sources */,
				D485466D1C761BED0011E149 /* Frameworks */,
				D485466E1C761BED0011E149 /* Resources */,
			);
			buildRules = (
			);
			dependencies = (
				D48546721C761BED0011E149 /* PBXTargetDependency */,
			);
			name = PendlerGoTests;
			productName = PendlerGoTests;
			productReference = D48546701C761BED0011E149 /* PendlerGoTests.xctest */;
			productType = "com.apple.product-type.bundle.unit-test";
		};
		D485467A1C761BED0011E149 /* PendlerGoUITests */ = {
			isa = PBXNativeTarget;
			buildConfigurationList = D485468A1C761BED0011E149 /* Build configuration list for PBXNativeTarget "PendlerGoUITests" */;
			buildPhases = (
				D48546771C761BED0011E149 /* Sources */,
				D48546781C761BED0011E149 /* Frameworks */,
				D48546791C761BED0011E149 /* Resources */,
			);
			buildRules = (
			);
			dependencies = (
				D485467D1C761BED0011E149 /* PBXTargetDependency */,
			);
			name = PendlerGoUITests;
			productName = PendlerGoUITests;
			productReference = D485467B1C761BED0011E149 /* PendlerGoUITests.xctest */;
			productType = "com.apple.product-type.bundle.ui-testing";
		};
/* End PBXNativeTarget section */

/* Begin PBXProject section */
		D48546541C761BED0011E149 /* Project object */ = {
			isa = PBXProject;
			attributes = {
				LastSwiftUpdateCheck = 0730;
				LastUpgradeCheck = 0720;
				TargetAttributes = {
					D485465B1C761BED0011E149 = {
						CreatedOnToolsVersion = 7.2.1;
						DevelopmentTeam = 3X36G2LREE;
						SystemCapabilities = {
							com.apple.BackgroundModes = {
								enabled = 0;
							};
						};
					};
					D485466F1C761BED0011E149 = {
						CreatedOnToolsVersion = 7.2.1;
						TestTargetID = D485465B1C761BED0011E149;
					};
					D485467A1C761BED0011E149 = {
						CreatedOnToolsVersion = 7.2.1;
						TestTargetID = D485465B1C761BED0011E149;
					};
				};
			};
			buildConfigurationList = D48546571C761BED0011E149 /* Build configuration list for PBXProject "PendlerGo" */;
			compatibilityVersion = "Xcode 3.2";
			developmentRegion = English;
			hasScannedForEncodings = 0;
			knownRegions = (
				en,
				Base,
			);
			mainGroup = D48546531C761BED0011E149;
			productRefGroup = D485465D1C761BED0011E149 /* Products */;
			projectDirPath = "";
			projectRoot = "";
			targets = (
				D485465B1C761BED0011E149 /* PendlerGo */,
				D485466F1C761BED0011E149 /* PendlerGoTests */,
				D485467A1C761BED0011E149 /* PendlerGoUITests */,
			);
		};
/* End PBXProject section */

/* Begin PBXResourcesBuildPhase section */
		D485465A1C761BED0011E149 /* Resources */ = {
			isa = PBXResourcesBuildPhase;
			buildActionMask = 2147483647;
			files = (
				D4A92F891C76642C00834380 /* KBH.json in Resources */,
				D48546671C761BED0011E149 /* Assets.xcassets in Resources */,
				D43756301C78FBD20005730D /* GoogleService-Info.plist in Resources */,
				D40117CC1C92AFED009E5CEB /* Detail.json in Resources */,
			);
			runOnlyForDeploymentPostprocessing = 0;
		};
		D485466E1C761BED0011E149 /* Resources */ = {
			isa = PBXResourcesBuildPhase;
			buildActionMask = 2147483647;
			files = (
			);
			runOnlyForDeploymentPostprocessing = 0;
		};
		D48546791C761BED0011E149 /* Resources */ = {
			isa = PBXResourcesBuildPhase;
			buildActionMask = 2147483647;
			files = (
			);
			runOnlyForDeploymentPostprocessing = 0;
		};
/* End PBXResourcesBuildPhase section */

/* Begin PBXShellScriptBuildPhase section */
		567EBC56C543ADC0A097A88F /* 📦 Check Pods Manifest.lock */ = {
			isa = PBXShellScriptBuildPhase;
			buildActionMask = 2147483647;
			files = (
			);
			inputPaths = (
			);
			name = "📦 Check Pods Manifest.lock";
			outputPaths = (
			);
			runOnlyForDeploymentPostprocessing = 0;
			shellPath = /bin/sh;
			shellScript = "diff \"${PODS_ROOT}/../Podfile.lock\" \"${PODS_ROOT}/Manifest.lock\" > /dev/null\nif [[ $? != 0 ]] ; then\n    cat << EOM\nerror: The sandbox is not in sync with the Podfile.lock. Run 'pod install' or update your CocoaPods installation.\nEOM\n    exit 1\nfi\n";
			showEnvVarsInLog = 0;
		};
		AAC40D125648FE78B4DDFFD7 /* 📦 Copy Pods Resources */ = {
			isa = PBXShellScriptBuildPhase;
			buildActionMask = 2147483647;
			files = (
			);
			inputPaths = (
			);
			name = "📦 Copy Pods Resources";
			outputPaths = (
			);
			runOnlyForDeploymentPostprocessing = 0;
			shellPath = /bin/sh;
			shellScript = "\"${SRCROOT}/Pods/Target Support Files/Pods-PendlerGo/Pods-PendlerGo-resources.sh\"\n";
			showEnvVarsInLog = 0;
		};
		D4DEF5091C7B4633007738DC /* Crashlytics */ = {
			isa = PBXShellScriptBuildPhase;
			buildActionMask = 2147483647;
			files = (
			);
			inputPaths = (
			);
			name = Crashlytics;
			outputPaths = (
			);
			runOnlyForDeploymentPostprocessing = 0;
			shellPath = /bin/sh;
			shellScript = "\"${PODS_ROOT}/Fabric/run\" 7e1cadfe7407e1504543c7edb88f9522ffda23af 84387811faf6fcd7efa625c03a7d5d0f968c820018b238dc142f4cb2748e52cc";
		};
		EE44E786FFE393810E25DFE1 /* 📦 Embed Pods Frameworks */ = {
			isa = PBXShellScriptBuildPhase;
			buildActionMask = 2147483647;
			files = (
			);
			inputPaths = (
			);
			name = "📦 Embed Pods Frameworks";
			outputPaths = (
			);
			runOnlyForDeploymentPostprocessing = 0;
			shellPath = /bin/sh;
			shellScript = "\"${SRCROOT}/Pods/Target Support Files/Pods-PendlerGo/Pods-PendlerGo-frameworks.sh\"\n";
			showEnvVarsInLog = 0;
		};
/* End PBXShellScriptBuildPhase section */

/* Begin PBXSourcesBuildPhase section */
		D48546581C761BED0011E149 /* Sources */ = {
			isa = PBXSourcesBuildPhase;
			buildActionMask = 2147483647;
			files = (
				D4EFDC4F1C761E5900370479 /* PendlerGoAPI.swift in Sources */,
				D4EFDC561C761FC200370479 /* ModelExtensions.swift in Sources */,
				D48546601C761BED0011E149 /* AppDelegate.swift in Sources */,
				D4EFDC621C763E2700370479 /* Setup.swift in Sources */,
				D4E72F5D1C7896AE00C3369D /* BoardContainmentView.swift in Sources */,
				D4EFDC641C763EB000370479 /* ReuseableView.swift in Sources */,
				D40117CE1C92B10E009E5CEB /* Message.swift in Sources */,
				D463D2141CA7257100C23CBD /* String+Utilities.swift in Sources */,
				D4E72F581C7896AE00C3369D /* BoardDepartureCell.swift in Sources */,
				D4E75FB51C764E6A005AC9DA /* UIView+PendlerGo.swift in Sources */,
				D4EFDC521C761F3300370479 /* DepartureBoard.swift in Sources */,
				D4E72F5C1C7896AE00C3369D /* BoardContainmentTabView.swift in Sources */,
				D4E75FAF1C7641DA005AC9DA /* SnapKit+Superview.swift in Sources */,
				D4EFDC671C763EF900370479 /* UITableView+ReusableView.swift in Sources */,
				D40117D01C92B185009E5CEB /* JourneyDetail.swift in Sources */,
				D45140311C77B62D00627184 /* FinitePagedContainmentViewController.swift in Sources */,
				D4EFDC541C761F3B00370479 /* Departure.swift in Sources */,
				D4B7F6681C76FDA800B6762D /* LocationCell.swift in Sources */,
				D4B7F6641C76F71300B6762D /* Location.swift in Sources */,
				D4E75FB31C764D16005AC9DA /* JSON+Date.swift in Sources */,
				D4E72F591C7896AE00C3369D /* BoardView.swift in Sources */,
				D4E75FB11C764C42005AC9DA /* NSDateFormatter+PendlerGo.swift in Sources */,
				D4E72F5A1C7896AE00C3369D /* BoardViewController.swift in Sources */,
				D4B7F6621C76F62F00B6762D /* SettingsViewModel.swift in Sources */,
				D4E4B3591C7774EE00D4DC66 /* Settings.swift in Sources */,
				D45140331C77B62D00627184 /* TabView.swift in Sources */,
				D4B7F6661C76F7BA00B6762D /* LocationResults.swift in Sources */,
				D4E72F621C789E6600C3369D /* LargeHitAreaButton.swift in Sources */,
				D4E75FB71C765212005AC9DA /* Theme.swift in Sources */,
				D4E72F5E1C7896AE00C3369D /* BoardContainmentViewController.swift in Sources */,
				D42E31D61C77BB7F003C98A2 /* UIImage+Utilities.swift in Sources */,
				D4CF6C9F1C96A24000E7334E /* UIFont+Size.swift in Sources */,
				D45140321C77B62D00627184 /* IconTabViewButton.swift in Sources */,
				D4B7F65E1C76F0B400B6762D /* SettingsViewController.swift in Sources */,
				D4B7F6601C76F0CD00B6762D /* SettingsView.swift in Sources */,
				D4E72F5B1C7896AE00C3369D /* BoardViewModel.swift in Sources */,
			);
			runOnlyForDeploymentPostprocessing = 0;
		};
		D485466C1C761BED0011E149 /* Sources */ = {
			isa = PBXSourcesBuildPhase;
			buildActionMask = 2147483647;
			files = (
				D48546751C761BED0011E149 /* PendlerGoTests.swift in Sources */,
			);
			runOnlyForDeploymentPostprocessing = 0;
		};
		D48546771C761BED0011E149 /* Sources */ = {
			isa = PBXSourcesBuildPhase;
			buildActionMask = 2147483647;
			files = (
				D48546801C761BED0011E149 /* PendlerGoUITests.swift in Sources */,
			);
			runOnlyForDeploymentPostprocessing = 0;
		};
/* End PBXSourcesBuildPhase section */

/* Begin PBXTargetDependency section */
		D48546721C761BED0011E149 /* PBXTargetDependency */ = {
			isa = PBXTargetDependency;
			target = D485465B1C761BED0011E149 /* PendlerGo */;
			targetProxy = D48546711C761BED0011E149 /* PBXContainerItemProxy */;
		};
		D485467D1C761BED0011E149 /* PBXTargetDependency */ = {
			isa = PBXTargetDependency;
			target = D485465B1C761BED0011E149 /* PendlerGo */;
			targetProxy = D485467C1C761BED0011E149 /* PBXContainerItemProxy */;
		};
/* End PBXTargetDependency section */

/* Begin XCBuildConfiguration section */
		D48546821C761BED0011E149 /* Debug */ = {
			isa = XCBuildConfiguration;
			buildSettings = {
				ALWAYS_SEARCH_USER_PATHS = NO;
				CLANG_CXX_LANGUAGE_STANDARD = "gnu++0x";
				CLANG_CXX_LIBRARY = "libc++";
				CLANG_ENABLE_MODULES = YES;
				CLANG_ENABLE_OBJC_ARC = YES;
				CLANG_WARN_BOOL_CONVERSION = YES;
				CLANG_WARN_CONSTANT_CONVERSION = YES;
				CLANG_WARN_DIRECT_OBJC_ISA_USAGE = YES_ERROR;
				CLANG_WARN_EMPTY_BODY = YES;
				CLANG_WARN_ENUM_CONVERSION = YES;
				CLANG_WARN_INT_CONVERSION = YES;
				CLANG_WARN_OBJC_ROOT_CLASS = YES_ERROR;
				CLANG_WARN_UNREACHABLE_CODE = YES;
				CLANG_WARN__DUPLICATE_METHOD_MATCH = YES;
				"CODE_SIGN_IDENTITY[sdk=iphoneos*]" = "iPhone Developer";
				COPY_PHASE_STRIP = NO;
				DEBUG_INFORMATION_FORMAT = dwarf;
				ENABLE_BITCODE = NO;
				ENABLE_STRICT_OBJC_MSGSEND = YES;
				ENABLE_TESTABILITY = YES;
				GCC_C_LANGUAGE_STANDARD = gnu99;
				GCC_DYNAMIC_NO_PIC = NO;
				GCC_NO_COMMON_BLOCKS = YES;
				GCC_OPTIMIZATION_LEVEL = 0;
				GCC_PREPROCESSOR_DEFINITIONS = (
					"DEBUG=1",
					"$(inherited)",
				);
				GCC_WARN_64_TO_32_BIT_CONVERSION = YES;
				GCC_WARN_ABOUT_RETURN_TYPE = YES_ERROR;
				GCC_WARN_UNDECLARED_SELECTOR = YES;
				GCC_WARN_UNINITIALIZED_AUTOS = YES_AGGRESSIVE;
				GCC_WARN_UNUSED_FUNCTION = YES;
				GCC_WARN_UNUSED_VARIABLE = YES;
				IPHONEOS_DEPLOYMENT_TARGET = 9.2;
				MTL_ENABLE_DEBUG_INFO = YES;
				ONLY_ACTIVE_ARCH = YES;
				OTHER_SWIFT_FLAGS = "-D DEBUG";
				SDKROOT = iphoneos;
				SWIFT_OPTIMIZATION_LEVEL = "-Onone";
			};
			name = Debug;
		};
		D48546831C761BED0011E149 /* Release */ = {
			isa = XCBuildConfiguration;
			buildSettings = {
				ALWAYS_SEARCH_USER_PATHS = NO;
				CLANG_CXX_LANGUAGE_STANDARD = "gnu++0x";
				CLANG_CXX_LIBRARY = "libc++";
				CLANG_ENABLE_MODULES = YES;
				CLANG_ENABLE_OBJC_ARC = YES;
				CLANG_WARN_BOOL_CONVERSION = YES;
				CLANG_WARN_CONSTANT_CONVERSION = YES;
				CLANG_WARN_DIRECT_OBJC_ISA_USAGE = YES_ERROR;
				CLANG_WARN_EMPTY_BODY = YES;
				CLANG_WARN_ENUM_CONVERSION = YES;
				CLANG_WARN_INT_CONVERSION = YES;
				CLANG_WARN_OBJC_ROOT_CLASS = YES_ERROR;
				CLANG_WARN_UNREACHABLE_CODE = YES;
				CLANG_WARN__DUPLICATE_METHOD_MATCH = YES;
				"CODE_SIGN_IDENTITY[sdk=iphoneos*]" = "iPhone Developer";
				COPY_PHASE_STRIP = NO;
				DEBUG_INFORMATION_FORMAT = "dwarf-with-dsym";
				ENABLE_BITCODE = NO;
				ENABLE_NS_ASSERTIONS = NO;
				ENABLE_STRICT_OBJC_MSGSEND = YES;
				GCC_C_LANGUAGE_STANDARD = gnu99;
				GCC_NO_COMMON_BLOCKS = YES;
				GCC_WARN_64_TO_32_BIT_CONVERSION = YES;
				GCC_WARN_ABOUT_RETURN_TYPE = YES_ERROR;
				GCC_WARN_UNDECLARED_SELECTOR = YES;
				GCC_WARN_UNINITIALIZED_AUTOS = YES_AGGRESSIVE;
				GCC_WARN_UNUSED_FUNCTION = YES;
				GCC_WARN_UNUSED_VARIABLE = YES;
				IPHONEOS_DEPLOYMENT_TARGET = 9.2;
				MTL_ENABLE_DEBUG_INFO = NO;
				SDKROOT = iphoneos;
				VALIDATE_PRODUCT = YES;
			};
			name = Release;
		};
		D48546851C761BED0011E149 /* Debug */ = {
			isa = XCBuildConfiguration;
			baseConfigurationReference = 4562FC6DD0F50D5FADBB240F /* Pods-PendlerGo.debug.xcconfig */;
			buildSettings = {
				ASSETCATALOG_COMPILER_APPICON_NAME = AppIcon;
				ASSETCATALOG_COMPILER_LAUNCHIMAGE_NAME = LaunchImage;
				CLANG_ENABLE_MODULES = YES;
				CODE_SIGN_IDENTITY = "iPhone Developer: Philip Nielsen (T3P66BDGE4)";
				"CODE_SIGN_IDENTITY[sdk=iphoneos*]" = "iPhone Developer: Philip Nielsen (T3P66BDGE4)";
				CURRENT_PROJECT_VERSION = 16;
				INFOPLIST_FILE = PendlerGo/Info.plist;
				LD_RUNPATH_SEARCH_PATHS = "$(inherited) @executable_path/Frameworks";
				PRODUCT_BUNDLE_IDENTIFIER = com.simplesense.PendlerGo;
				PRODUCT_NAME = "$(TARGET_NAME)";
				PROVISIONING_PROFILE = "16a8b02e-649f-40f3-b6e9-f74c25f4df82";
				SWIFT_OBJC_BRIDGING_HEADER = "PendlerGo/PendlerGo-Bridging-Header.h";
				SWIFT_OPTIMIZATION_LEVEL = "-Onone";
			};
			name = Debug;
		};
		D48546861C761BED0011E149 /* Release */ = {
			isa = XCBuildConfiguration;
			baseConfigurationReference = 7F48C99DB38411C94910FBF9 /* Pods-PendlerGo.release.xcconfig */;
			buildSettings = {
				ASSETCATALOG_COMPILER_APPICON_NAME = AppIcon;
				ASSETCATALOG_COMPILER_LAUNCHIMAGE_NAME = LaunchImage;
				CLANG_ENABLE_MODULES = YES;
				CODE_SIGN_IDENTITY = "iPhone Distribution: Philip Nielsen (3X36G2LREE)";
				"CODE_SIGN_IDENTITY[sdk=iphoneos*]" = "iPhone Distribution: Philip Nielsen (3X36G2LREE)";
				CURRENT_PROJECT_VERSION = 16;
				INFOPLIST_FILE = PendlerGo/Info.plist;
				LD_RUNPATH_SEARCH_PATHS = "$(inherited) @executable_path/Frameworks";
				PRODUCT_BUNDLE_IDENTIFIER = com.simplesense.PendlerGo;
				PRODUCT_NAME = "$(TARGET_NAME)";
				PROVISIONING_PROFILE = "1bab7ac8-8487-47bb-b695-668620f70344";
				SWIFT_OBJC_BRIDGING_HEADER = "PendlerGo/PendlerGo-Bridging-Header.h";
			};
			name = Release;
		};
		D48546881C761BED0011E149 /* Debug */ = {
			isa = XCBuildConfiguration;
			buildSettings = {
				BUNDLE_LOADER = "$(TEST_HOST)";
				INFOPLIST_FILE = PendlerGoTests/Info.plist;
				LD_RUNPATH_SEARCH_PATHS = "$(inherited) @executable_path/Frameworks @loader_path/Frameworks";
				PRODUCT_BUNDLE_IDENTIFIER = com.simplesense.PendlerGoTests;
				PRODUCT_NAME = "$(TARGET_NAME)";
				TEST_HOST = "$(BUILT_PRODUCTS_DIR)/PendlerGo.app/PendlerGo";
			};
			name = Debug;
		};
		D48546891C761BED0011E149 /* Release */ = {
			isa = XCBuildConfiguration;
			buildSettings = {
				BUNDLE_LOADER = "$(TEST_HOST)";
				INFOPLIST_FILE = PendlerGoTests/Info.plist;
				LD_RUNPATH_SEARCH_PATHS = "$(inherited) @executable_path/Frameworks @loader_path/Frameworks";
				PRODUCT_BUNDLE_IDENTIFIER = com.simplesense.PendlerGoTests;
				PRODUCT_NAME = "$(TARGET_NAME)";
				TEST_HOST = "$(BUILT_PRODUCTS_DIR)/PendlerGo.app/PendlerGo";
			};
			name = Release;
		};
		D485468B1C761BED0011E149 /* Debug */ = {
			isa = XCBuildConfiguration;
			buildSettings = {
				INFOPLIST_FILE = PendlerGoUITests/Info.plist;
				LD_RUNPATH_SEARCH_PATHS = "$(inherited) @executable_path/Frameworks @loader_path/Frameworks";
				PRODUCT_BUNDLE_IDENTIFIER = com.simplesense.PendlerGoUITests;
				PRODUCT_NAME = "$(TARGET_NAME)";
				TEST_TARGET_NAME = PendlerGo;
				USES_XCTRUNNER = YES;
			};
			name = Debug;
		};
		D485468C1C761BED0011E149 /* Release */ = {
			isa = XCBuildConfiguration;
			buildSettings = {
				INFOPLIST_FILE = PendlerGoUITests/Info.plist;
				LD_RUNPATH_SEARCH_PATHS = "$(inherited) @executable_path/Frameworks @loader_path/Frameworks";
				PRODUCT_BUNDLE_IDENTIFIER = com.simplesense.PendlerGoUITests;
				PRODUCT_NAME = "$(TARGET_NAME)";
				TEST_TARGET_NAME = PendlerGo;
				USES_XCTRUNNER = YES;
			};
			name = Release;
		};
/* End XCBuildConfiguration section */

/* Begin XCConfigurationList section */
		D48546571C761BED0011E149 /* Build configuration list for PBXProject "PendlerGo" */ = {
			isa = XCConfigurationList;
			buildConfigurations = (
				D48546821C761BED0011E149 /* Debug */,
				D48546831C761BED0011E149 /* Release */,
			);
			defaultConfigurationIsVisible = 0;
			defaultConfigurationName = Release;
		};
		D48546841C761BED0011E149 /* Build configuration list for PBXNativeTarget "PendlerGo" */ = {
			isa = XCConfigurationList;
			buildConfigurations = (
				D48546851C761BED0011E149 /* Debug */,
				D48546861C761BED0011E149 /* Release */,
			);
			defaultConfigurationIsVisible = 0;
			defaultConfigurationName = Release;
		};
		D48546871C761BED0011E149 /* Build configuration list for PBXNativeTarget "PendlerGoTests" */ = {
			isa = XCConfigurationList;
			buildConfigurations = (
				D48546881C761BED0011E149 /* Debug */,
				D48546891C761BED0011E149 /* Release */,
			);
			defaultConfigurationIsVisible = 0;
			defaultConfigurationName = Release;
		};
		D485468A1C761BED0011E149 /* Build configuration list for PBXNativeTarget "PendlerGoUITests" */ = {
			isa = XCConfigurationList;
			buildConfigurations = (
				D485468B1C761BED0011E149 /* Debug */,
				D485468C1C761BED0011E149 /* Release */,
			);
			defaultConfigurationIsVisible = 0;
			defaultConfigurationName = Release;
		};
/* End XCConfigurationList section */
	};
	rootObject = D48546541C761BED0011E149 /* Project object */;
}
