PODS:
  - Action (1.2.1):
    - RxCocoa (~> 2.0)
    - RxSwift (~> 2.0)
  - Alamofire (3.3.0)
  - Crashlytics (3.7.0):
    - Fabric (~> 1.6.3)
  - DateTools (1.7.0)
  - Fabric (1.6.7)
  - GBDeviceInfo (4.1.0):
    - GBDeviceInfo/Core (= 4.1.0)
  - GBDeviceInfo/Core (4.1.0)
  - Google-Mobile-Ads-SDK (7.7.0)
  - Google/Analytics (2.0.3):
    - Google/Core
    - GoogleAnalytics (~> 3.12)
  - Google/Core (2.0.3):
    - GoogleInterchangeUtilities (~> 1.0)
    - GoogleNetworkingUtilities (~> 1.0)
    - GoogleSymbolUtilities (~> 1.0)
    - GoogleUtilities (~> 1.1)
  - GoogleAnalytics (3.14.0)
  - GoogleInterchangeUtilities (1.2.0):
    - GoogleSymbolUtilities (~> 1.0)
  - GoogleNetworkingUtilities (1.2.0):
    - GoogleSymbolUtilities (~> 1.0)
  - GoogleSymbolUtilities (1.1.0)
  - GoogleUtilities (1.2.0):
    - GoogleSymbolUtilities (~> 1.0)
  - Moya/Core (6.4.0):
    - Alamofire (~> 3.0)
    - Result (~> 2.0)
  - Moya/RxSwift (6.4.0):
    - Moya/Core
    - RxSwift (~> 2.0)
  - Result (2.0.0)
  - Reveal-iOS-SDK (1.6.2)
  - RxCocoa (2.3.1):
    - RxSwift (~> 2.3.1)
  - RxSwift (2.3.1)
  - SnapKit (0.20.0)
  - SwiftyJSON (2.3.2)

DEPENDENCIES:
  - Action (= 1.2.1)
  - Alamofire (= 3.3.0)
  - Crashlytics (= 3.7.0)
  - DateTools (= 1.7.0)
  - Fabric (= 1.6.7)
  - GBDeviceInfo (= 4.1.0)
  - Google-Mobile-Ads-SDK (= 7.7.0)
  - Google/Analytics (= 2.0.3)
  - Moya/RxSwift (= 6.4.0)
  - Reveal-iOS-SDK
  - RxCocoa (= 2.3.1)
  - RxSwift (= 2.3.1)
  - SnapKit (= 0.20.0)
  - SwiftyJSON (= 2.3.2)

SPEC CHECKSUMS:
  Action: b602680262545973293b0fd0aca84d1a49141608
  Alamofire: 9054db4a1b1ca9e363223183e01cea380159a27c
  Crashlytics: c3a2333dea9e2733d2777f730910321fc9e25c0d
  DateTools: 53288ee8b905fdc75897a1e6b5cc0144b14cba60
  Fabric: caf7580c725e64db144f610ac65cd60956911dc7
  GBDeviceInfo: e50df975a95e21faec93e2bf98376846fe17d307
  Google: 61379f0072bc561a7e174d23a6cbe41bd6d8599c
  Google-Mobile-Ads-SDK: d290e523a6e2f223256abcbf8e0c778b55b1f04e
  GoogleAnalytics: 9be1afdb8deeac4bb5f13ca7f7d3b9db2a1f43dc
  GoogleInterchangeUtilities: 427382e42d8a340038bec37c6fdfd316e14b5fa2
  GoogleNetworkingUtilities: ec1e9911aca811eb18b7144394fee6168b607785
  GoogleSymbolUtilities: eb3965ea12710569c7b80db198a39e39b18613f7
  GoogleUtilities: 85f8ad6b251544286a97163133d042ec95f889c5
  Moya: 4d526954c8afd79820991393d40d7d8af756ceee
  Result: 9e75e1111c774c6ac594e14907b15057053a7959
  Reveal-iOS-SDK: e2250b3c155bcfac53ae223ddc1f76d08f206c33
  RxCocoa: a2baaf3462b989559a51dce59d78fbebb8fe0afa
  RxSwift: 829b2843e9eddc77a02cb3f5117f0d55f8f646f1
  SnapKit: 5fce3c1bbbf1fbd31de9aa92f33eb9fa03f15650
  SwiftyJSON: 04ccea08915aa0109039157c7974cf0298da292a

COCOAPODS: 0.39.0
